
Microsoft Visual Studio Solution File, Format Version 12.00
# Visual Studio Version 17
VisualStudioVersion = 17.9.34616.47
MinimumVisualStudioVersion = 10.0.40219.1
Project("{8BC9CEB8-8B4A-11D0-8D11-00A0C91BC942}") = "UCP 1 PEMDAS", "UCP 1 PEMDAS\UCP 1 PEMDAS.vcxproj", "{597E5FF8-3B9B-43E4-B08E-C83E5F973B67}"
EndProject
Global
	GlobalSection(SolutionConfigurationPlatforms) = preSolution
		Debug|x64 = Debug|x64
		Debug|x86 = Debug|x86
		Release|x64 = Release|x64
		Release|x86 = Release|x86
	EndGlobalSection
	GlobalSection(ProjectConfigurationPlatforms) = postSolution
		{597E5FF8-3B9B-43E4-B08E-C83E5F973B67}.Debug|x64.ActiveCfg = Debug|x64
		{597E5FF8-3B9B-43E4-B08E-C83E5F973B67}.Debug|x64.Build.0 = Debug|x64
		{597E5FF8-3B9B-43E4-B08E-C83E5F973B67}.Debug|x86.ActiveCfg = Debug|Win32
		{597E5FF8-3B9B-43E4-B08E-C83E5F973B67}.Debug|x86.Build.0 = Debug|Win32
		{597E5FF8-3B9B-43E4-B08E-C83E5F973B67}.Release|x64.ActiveCfg = Release|x64
		{597E5FF8-3B9B-43E4-B08E-C83E5F973B67}.Release|x64.Build.0 = Release|x64
		{597E5FF8-3B9B-43E4-B08E-C83E5F973B67}.Release|x86.ActiveCfg = Release|Win32
		{597E5FF8-3B9B-43E4-B08E-C83E5F973B67}.Release|x86.Build.0 = Release|Win32
	EndGlobalSection
	GlobalSection(SolutionProperties) = preSolution
		HideSolutionNode = FALSE
	EndGlobalSection
	GlobalSection(ExtensibilityGlobals) = postSolution
		SolutionGuid = {94614688-0317-4076-9310-ACFA40B97D2B}
	EndGlobalSection
EndGlobal
